
Microsoft Visual Studio Solution File, Format Version 12.00
# Visual Studio 15
VisualStudioVersion = 15.0.28307.852
MinimumVisualStudioVersion = 10.0.40219.1
Project("{8BC9CEB8-8B4A-11D0-8D11-00A0C91BC942}") = "Curs2", "Curs2.vcxproj", "{EB6D5DB0-DE9C-44EE-8567-EED913B58B5C}"
EndProject
Global
	GlobalSection(SolutionConfigurationPlatforms) = preSolution
		Debug|x64 = Debug|x64
		Debug|x86 = Debug|x86
		Release|x64 = Release|x64
		Release|x86 = Release|x86
	EndGlobalSection
	GlobalSection(ProjectConfigurationPlatforms) = postSolution
		{EB6D5DB0-DE9C-44EE-8567-EED913B58B5C}.Debug|x64.ActiveCfg = Debug|x64
		{EB6D5DB0-DE9C-44EE-8567-EED913B58B5C}.Debug|x64.Build.0 = Debug|x64
		{EB6D5DB0-DE9C-44EE-8567-EED913B58B5C}.Debug|x86.ActiveCfg = Debug|Win32
		{EB6D5DB0-DE9C-44EE-8567-EED913B58B5C}.Debug|x86.Build.0 = Debug|Win32
		{EB6D5DB0-DE9C-44EE-8567-EED913B58B5C}.Release|x64.ActiveCfg = Release|x64
		{EB6D5DB0-DE9C-44EE-8567-EED913B58B5C}.Release|x64.Build.0 = Release|x64
		{EB6D5DB0-DE9C-44EE-8567-EED913B58B5C}.Release|x86.ActiveCfg = Release|Win32
		{EB6D5DB0-DE9C-44EE-8567-EED913B58B5C}.Release|x86.Build.0 = Release|Win32
	EndGlobalSection
	GlobalSection(SolutionProperties) = preSolution
		HideSolutionNode = FALSE
	EndGlobalSection
	GlobalSection(ExtensibilityGlobals) = postSolution
		SolutionGuid = {C6D7BE7D-FCD7-47F2-98C8-3F2CD7793AAF}
	EndGlobalSection
EndGlobal
